PODS:
  - Bolts (1.6.0):
    - Bolts/AppLinks (= 1.6.0)
    - Bolts/Tasks (= 1.6.0)
  - Bolts/AppLinks (1.6.0):
    - Bolts/Tasks
  - Bolts/Tasks (1.6.0)
  - Facebook-iOS-SDK (3.24.2):
    - Bolts (~> 1.2)
  - JSMessagesViewController (4.0.5):
    - JSQSystemSoundPlayer (~> 1.0)
  - JSQSystemSoundPlayer (1.5.2)
  - MDCSwipeToChoose (0.2.3)
  - Parse (1.12.0):
    - Bolts/Tasks (~> 1.5)
  - ParseFacebookUtils (1.10.0):
    - Bolts/Tasks (~> 1.5)
    - Facebook-iOS-SDK (~> 3.24)
    - Parse (~> 1.9)
  - PathCover (0.1.2)
  - PulsingHalo (0.0.1)
  - SLPagingView (0.0.5)

DEPENDENCIES:
  - JSMessagesViewController
  - MDCSwipeToChoose (~> 0.2)
  - Parse (~> 1.12)
  - ParseFacebookUtils (~> 1.10)
  - PathCover (~> 0.1)
  - PulsingHalo
  - SLPagingView

SPEC CHECKSUMS:
  Bolts: f52a250053bb517ca874523c3913776359ab3def
  Facebook-iOS-SDK: 2b76db4e29be113e211b464f7cc8c6a4b5a5a7d9
  JSMessagesViewController: f4e96ca5c1b626df2be325f60b9f4f51f991fbfe
  JSQSystemSoundPlayer: 443466bd5f4537d0b7f15a0184244169ae65f8e5
  MDCSwipeToChoose: 56239d98b4558c66e7c3c9069482befd26092270
  Parse: de2c52a9a1421b91ae7594ab8ce191afd184f19b
  ParseFacebookUtils: 7030f53c989fda36ad50029d90edec1327424317
  PathCover: 2cea41d7c2a315d72827a35e984ba65b67c1eafc
  PulsingHalo: 1583823bd6c989fff3469bb417bc42f0d268f98e
  SLPagingView: ba9bb6102cb318ce56f23d0a7e49a46ddcdad7e3

COCOAPODS: 0.39.0
