// !$*UTF8*$!
{
	archiveVersion = 1;
	classes = {
	};
	objectVersion = 46;
	objects = {

/* Begin PBXBuildFile section */
		1F1055FB1C6B775700961B16 /* main.m in Sources */ = {isa = PBXBuildFile; fileRef = 1F1055FA1C6B775700961B16 /* main.m */; };
		1F1055FE1C6B775700961B16 /* AppDelegate.m in Sources */ = {isa = PBXBuildFile; fileRef = 1F1055FD1C6B775700961B16 /* AppDelegate.m */; };
		1F1056061C6B775700961B16 /* Assets.xcassets in Resources */ = {isa = PBXBuildFile; fileRef = 1F1056051C6B775700961B16 /* Assets.xcassets */; };
		1F1056091C6B775700961B16 /* LaunchScreen.storyboard in Resources */ = {isa = PBXBuildFile; fileRef = 1F1056071C6B775700961B16 /* LaunchScreen.storyboard */; };
		1F6433991C6E23C9009D4D13 /* UIView+Extensions.m in Sources */ = {isa = PBXBuildFile; fileRef = 1F6433981C6E23C9009D4D13 /* UIView+Extensions.m */; };
		1F64339E1C6E3F29009D4D13 /* PTSerif.ttc in Resources */ = {isa = PBXBuildFile; fileRef = 1F64339D1C6E3F29009D4D13 /* PTSerif.ttc */; };
		1F6433A41C6EFEA9009D4D13 /* MainViewController.m in Sources */ = {isa = PBXBuildFile; fileRef = 1F6433A31C6EFEA9009D4D13 /* MainViewController.m */; };
		1F6433A71C6F0278009D4D13 /* Main.storyboard in Resources */ = {isa = PBXBuildFile; fileRef = 1F6433A51C6F0278009D4D13 /* Main.storyboard */; };
		1F8C91B41C772FD500DD06E7 /* RoundedImageView.m in Sources */ = {isa = PBXBuildFile; fileRef = 1F8C91B31C772FD500DD06E7 /* RoundedImageView.m */; };
		1F8C91BA1C7730C800DD06E7 /* UIColor+SLAddition.m in Sources */ = {isa = PBXBuildFile; fileRef = 1F8C91B71C7730C800DD06E7 /* UIColor+SLAddition.m */; };
		1F8C91BB1C7730C800DD06E7 /* UIScrollView+UpdateContentSize.m in Sources */ = {isa = PBXBuildFile; fileRef = 1F8C91B91C7730C800DD06E7 /* UIScrollView+UpdateContentSize.m */; };
		1F8C91C01C773B9B00DD06E7 /* dp_holder_large.png in Resources */ = {isa = PBXBuildFile; fileRef = 1F8C91BD1C773B9B00DD06E7 /* dp_holder_large.png */; };
		1F8C91C11C773B9B00DD06E7 /* dp_holder_large@2x.png in Resources */ = {isa = PBXBuildFile; fileRef = 1F8C91BE1C773B9B00DD06E7 /* dp_holder_large@2x.png */; };
		1F8C91C21C773B9B00DD06E7 /* profile_pic.jpg in Resources */ = {isa = PBXBuildFile; fileRef = 1F8C91BF1C773B9B00DD06E7 /* profile_pic.jpg */; };
		1FF39CCD1C6E06EE00268455 /* OnboardingView.m in Sources */ = {isa = PBXBuildFile; fileRef = 1FF39CCA1C6E06EE00268455 /* OnboardingView.m */; };
		1FF39CCE1C6E06EE00268455 /* OnboardingViewController.m in Sources */ = {isa = PBXBuildFile; fileRef = 1FF39CCC1C6E06EE00268455 /* OnboardingViewController.m */; };
		DA8006A8D2C76E8BDF00E006 /* libPods.a in Frameworks */ = {isa = PBXBuildFile; fileRef = 2D1B17268DBC371C29650F39 /* libPods.a */; };
/* End PBXBuildFile section */

/* Begin PBXFileReference section */
		1F1055F61C6B775700961B16 /* tinder.app */ = {isa = PBXFileReference; explicitFileType = wrapper.application; includeInIndex = 0; path = tinder.app; sourceTree = BUILT_PRODUCTS_DIR; };
		1F1055FA1C6B775700961B16 /* main.m */ = {isa = PBXFileReference; lastKnownFileType = sourcecode.c.objc; path = main.m; sourceTree = "<group>"; };
		1F1055FC1C6B775700961B16 /* AppDelegate.h */ = {isa = PBXFileReference; lastKnownFileType = sourcecode.c.h; path = AppDelegate.h; sourceTree = "<group>"; };
		1F1055FD1C6B775700961B16 /* AppDelegate.m */ = {isa = PBXFileReference; lastKnownFileType = sourcecode.c.objc; path = AppDelegate.m; sourceTree = "<group>"; };
		1F1056051C6B775700961B16 /* Assets.xcassets */ = {isa = PBXFileReference; lastKnownFileType = folder.assetcatalog; path = Assets.xcassets; sourceTree = "<group>"; };
		1F1056081C6B775700961B16 /* Base */ = {isa = PBXFileReference; lastKnownFileType = file.storyboard; name = Base; path = Base.lproj/LaunchScreen.storyboard; sourceTree = "<group>"; };
		1F10560A1C6B775700961B16 /* Info.plist */ = {isa = PBXFileReference; lastKnownFileType = text.plist.xml; path = Info.plist; sourceTree = "<group>"; };
		1F6433971C6E23C9009D4D13 /* UIView+Extensions.h */ = {isa = PBXFileReference; fileEncoding = 4; lastKnownFileType = sourcecode.c.h; path = "UIView+Extensions.h"; sourceTree = "<group>"; };
		1F6433981C6E23C9009D4D13 /* UIView+Extensions.m */ = {isa = PBXFileReference; fileEncoding = 4; lastKnownFileType = sourcecode.c.objc; path = "UIView+Extensions.m"; sourceTree = "<group>"; };
		1F64339B1C6E2418009D4D13 /* TinderConstants.pch */ = {isa = PBXFileReference; fileEncoding = 4; lastKnownFileType = sourcecode.c.h; path = TinderConstants.pch; sourceTree = "<group>"; };
		1F64339D1C6E3F29009D4D13 /* PTSerif.ttc */ = {isa = PBXFileReference; lastKnownFileType = file; path = PTSerif.ttc; sourceTree = "<group>"; };
		1F6433A21C6EFEA9009D4D13 /* MainViewController.h */ = {isa = PBXFileReference; fileEncoding = 4; lastKnownFileType = sourcecode.c.h; path = MainViewController.h; sourceTree = "<group>"; };
		1F6433A31C6EFEA9009D4D13 /* MainViewController.m */ = {isa = PBXFileReference; fileEncoding = 4; lastKnownFileType = sourcecode.c.objc; path = MainViewController.m; sourceTree = "<group>"; };
		1F6433A61C6F0278009D4D13 /* Base */ = {isa = PBXFileReference; lastKnownFileType = file.storyboard; name = Base; path = Base.lproj/Main.storyboard; sourceTree = "<group>"; };
		1F8C91B21C772FD500DD06E7 /* RoundedImageView.h */ = {isa = PBXFileReference; fileEncoding = 4; lastKnownFileType = sourcecode.c.h; path = RoundedImageView.h; sourceTree = "<group>"; };
		1F8C91B31C772FD500DD06E7 /* RoundedImageView.m */ = {isa = PBXFileReference; fileEncoding = 4; lastKnownFileType = sourcecode.c.objc; path = RoundedImageView.m; sourceTree = "<group>"; };
		1F8C91B61C7730C800DD06E7 /* UIColor+SLAddition.h */ = {isa = PBXFileReference; fileEncoding = 4; lastKnownFileType = sourcecode.c.h; path = "UIColor+SLAddition.h"; sourceTree = "<group>"; };
		1F8C91B71C7730C800DD06E7 /* UIColor+SLAddition.m */ = {isa = PBXFileReference; fileEncoding = 4; lastKnownFileType = sourcecode.c.objc; path = "UIColor+SLAddition.m"; sourceTree = "<group>"; };
		1F8C91B81C7730C800DD06E7 /* UIScrollView+UpdateContentSize.h */ = {isa = PBXFileReference; fileEncoding = 4; lastKnownFileType = sourcecode.c.h; path = "UIScrollView+UpdateContentSize.h"; sourceTree = "<group>"; };
		1F8C91B91C7730C800DD06E7 /* UIScrollView+UpdateContentSize.m */ = {isa = PBXFileReference; fileEncoding = 4; lastKnownFileType = sourcecode.c.objc; path = "UIScrollView+UpdateContentSize.m"; sourceTree = "<group>"; };
		1F8C91BD1C773B9B00DD06E7 /* dp_holder_large.png */ = {isa = PBXFileReference; lastKnownFileType = image.png; path = dp_holder_large.png; sourceTree = "<group>"; };
		1F8C91BE1C773B9B00DD06E7 /* dp_holder_large@2x.png */ = {isa = PBXFileReference; lastKnownFileType = image.png; path = "dp_holder_large@2x.png"; sourceTree = "<group>"; };
		1F8C91BF1C773B9B00DD06E7 /* profile_pic.jpg */ = {isa = PBXFileReference; lastKnownFileType = image.jpeg; path = profile_pic.jpg; sourceTree = "<group>"; };
		1FF39CC91C6E06EE00268455 /* OnboardingView.h */ = {isa = PBXFileReference; fileEncoding = 4; lastKnownFileType = sourcecode.c.h; path = OnboardingView.h; sourceTree = "<group>"; };
		1FF39CCA1C6E06EE00268455 /* OnboardingView.m */ = {isa = PBXFileReference; fileEncoding = 4; lastKnownFileType = sourcecode.c.objc; path = OnboardingView.m; sourceTree = "<group>"; };
		1FF39CCB1C6E06EE00268455 /* OnboardingViewController.h */ = {isa = PBXFileReference; fileEncoding = 4; lastKnownFileType = sourcecode.c.h; path = OnboardingViewController.h; sourceTree = "<group>"; };
		1FF39CCC1C6E06EE00268455 /* OnboardingViewController.m */ = {isa = PBXFileReference; fileEncoding = 4; lastKnownFileType = sourcecode.c.objc; path = OnboardingViewController.m; sourceTree = "<group>"; };
		2D1B17268DBC371C29650F39 /* libPods.a */ = {isa = PBXFileReference; explicitFileType = archive.ar; includeInIndex = 0; path = libPods.a; sourceTree = BUILT_PRODUCTS_DIR; };
		7A4EEBCC25397F68372B110D /* Pods.release.xcconfig */ = {isa = PBXFileReference; includeInIndex = 1; lastKnownFileType = text.xcconfig; name = Pods.release.xcconfig; path = "Pods/Target Support Files/Pods/Pods.release.xcconfig"; sourceTree = "<group>"; };
		C34991B91D1C3D1E5E29653F /* Pods.debug.xcconfig */ = {isa = PBXFileReference; includeInIndex = 1; lastKnownFileType = text.xcconfig; name = Pods.debug.xcconfig; path = "Pods/Target Support Files/Pods/Pods.debug.xcconfig"; sourceTree = "<group>"; };
/* End PBXFileReference section */

/* Begin PBXFrameworksBuildPhase section */
		1F1055F31C6B775700961B16 /* Frameworks */ = {
			isa = PBXFrameworksBuildPhase;
			buildActionMask = 2147483647;
			files = (
				DA8006A8D2C76E8BDF00E006 /* libPods.a in Frameworks */,
			);
			runOnlyForDeploymentPostprocessing = 0;
		};
/* End PBXFrameworksBuildPhase section */

/* Begin PBXGroup section */
		1F1055ED1C6B775700961B16 = {
			isa = PBXGroup;
			children = (
				1F1055F81C6B775700961B16 /* tinder */,
				1F1055F71C6B775700961B16 /* Products */,
				B84B7FF8C80244DE7A5092F7 /* Pods */,
				59ACC29C38385BE6270ABFCE /* Frameworks */,
			);
			sourceTree = "<group>";
		};
		1F1055F71C6B775700961B16 /* Products */ = {
			isa = PBXGroup;
			children = (
				1F1055F61C6B775700961B16 /* tinder.app */,
			);
			name = Products;
			sourceTree = "<group>";
		};
		1F1055F81C6B775700961B16 /* tinder */ = {
			isa = PBXGroup;
			children = (
				1F8C91BC1C773B9B00DD06E7 /* Images */,
				1F8C91B51C7730C800DD06E7 /* Categories */,
				1F8C91B11C772FD500DD06E7 /* RoundedImageView */,
				1F6433A01C6EFE4C009D4D13 /* Menu View Controllers */,
				1F64339C1C6E3F1E009D4D13 /* Resources */,
				1F64339A1C6E240D009D4D13 /* Constants */,
				1F6433961C6E23B7009D4D13 /* Extensions */,
				1FF39CC81C6E06A200268455 /* Onboarding */,
				1F1055FC1C6B775700961B16 /* AppDelegate.h */,
				1F1055FD1C6B775700961B16 /* AppDelegate.m */,
				1F6433A51C6F0278009D4D13 /* Main.storyboard */,
				1F1056051C6B775700961B16 /* Assets.xcassets */,
				1F1056071C6B775700961B16 /* LaunchScreen.storyboard */,
				1F10560A1C6B775700961B16 /* Info.plist */,
				1F1055F91C6B775700961B16 /* Supporting Files */,
			);
			path = tinder;
			sourceTree = "<group>";
		};
		1F1055F91C6B775700961B16 /* Supporting Files */ = {
			isa = PBXGroup;
			children = (
				1F1055FA1C6B775700961B16 /* main.m */,
			);
			name = "Supporting Files";
			sourceTree = "<group>";
		};
		1F6433961C6E23B7009D4D13 /* Extensions */ = {
			isa = PBXGroup;
			children = (
				1F6433971C6E23C9009D4D13 /* UIView+Extensions.h */,
				1F6433981C6E23C9009D4D13 /* UIView+Extensions.m */,
			);
			name = Extensions;
			sourceTree = "<group>";
		};
		1F64339A1C6E240D009D4D13 /* Constants */ = {
			isa = PBXGroup;
			children = (
				1F64339B1C6E2418009D4D13 /* TinderConstants.pch */,
			);
			name = Constants;
			sourceTree = "<group>";
		};
		1F64339C1C6E3F1E009D4D13 /* Resources */ = {
			isa = PBXGroup;
			children = (
				1F64339D1C6E3F29009D4D13 /* PTSerif.ttc */,
			);
			name = Resources;
			sourceTree = "<group>";
		};
		1F6433A01C6EFE4C009D4D13 /* Menu View Controllers */ = {
			isa = PBXGroup;
			children = (
				1F6433A11C6EFE63009D4D13 /* Main VC */,
			);
			name = "Menu View Controllers";
			sourceTree = "<group>";
		};
		1F6433A11C6EFE63009D4D13 /* Main VC */ = {
			isa = PBXGroup;
			children = (
				1F6433A21C6EFEA9009D4D13 /* MainViewController.h */,
				1F6433A31C6EFEA9009D4D13 /* MainViewController.m */,
			);
			name = "Main VC";
			sourceTree = "<group>";
		};
		1F8C91B11C772FD500DD06E7 /* RoundedImageView */ = {
			isa = PBXGroup;
			children = (
				1F8C91B21C772FD500DD06E7 /* RoundedImageView.h */,
				1F8C91B31C772FD500DD06E7 /* RoundedImageView.m */,
			);
			path = RoundedImageView;
			sourceTree = "<group>";
		};
		1F8C91B51C7730C800DD06E7 /* Categories */ = {
			isa = PBXGroup;
			children = (
				1F8C91B61C7730C800DD06E7 /* UIColor+SLAddition.h */,
				1F8C91B71C7730C800DD06E7 /* UIColor+SLAddition.m */,
				1F8C91B81C7730C800DD06E7 /* UIScrollView+UpdateContentSize.h */,
				1F8C91B91C7730C800DD06E7 /* UIScrollView+UpdateContentSize.m */,
			);
			path = Categories;
			sourceTree = "<group>";
		};
		1F8C91BC1C773B9B00DD06E7 /* Images */ = {
			isa = PBXGroup;
			children = (
				1F8C91BD1C773B9B00DD06E7 /* dp_holder_large.png */,
				1F8C91BE1C773B9B00DD06E7 /* dp_holder_large@2x.png */,
				1F8C91BF1C773B9B00DD06E7 /* profile_pic.jpg */,
			);
			path = Images;
			sourceTree = "<group>";
		};
		1FF39CC81C6E06A200268455 /* Onboarding */ = {
			isa = PBXGroup;
			children = (
				1FF39CC91C6E06EE00268455 /* OnboardingView.h */,
				1FF39CCA1C6E06EE00268455 /* OnboardingView.m */,
				1FF39CCB1C6E06EE00268455 /* OnboardingViewController.h */,
				1FF39CCC1C6E06EE00268455 /* OnboardingViewController.m */,
			);
			name = Onboarding;
			sourceTree = "<group>";
		};
		59ACC29C38385BE6270ABFCE /* Frameworks */ = {
			isa = PBXGroup;
			children = (
				2D1B17268DBC371C29650F39 /* libPods.a */,
			);
			name = Frameworks;
			sourceTree = "<group>";
		};
		B84B7FF8C80244DE7A5092F7 /* Pods */ = {
			isa = PBXGroup;
			children = (
				C34991B91D1C3D1E5E29653F /* Pods.debug.xcconfig */,
				7A4EEBCC25397F68372B110D /* Pods.release.xcconfig */,
			);
			name = Pods;
			sourceTree = "<group>";
		};
/* End PBXGroup section */

/* Begin PBXNativeTarget section */
		1F1055F51C6B775700961B16 /* tinder */ = {
			isa = PBXNativeTarget;
			buildConfigurationList = 1F10560D1C6B775700961B16 /* Build configuration list for PBXNativeTarget "tinder" */;
			buildPhases = (
				4090D5F4F401E317A124FE83 /* Check Pods Manifest.lock */,
				1F1055F21C6B775700961B16 /* Sources */,
				1F1055F31C6B775700961B16 /* Frameworks */,
				1F1055F41C6B775700961B16 /* Resources */,
				423DC718519F2B2C55338624 /* Embed Pods Frameworks */,
				C3B933885A394CAAA7769CAD /* Copy Pods Resources */,
			);
			buildRules = (
			);
			dependencies = (
			);
			name = tinder;
			productName = tinder;
			productReference = 1F1055F61C6B775700961B16 /* tinder.app */;
			productType = "com.apple.product-type.application";
		};
/* End PBXNativeTarget section */

/* Begin PBXProject section */
		1F1055EE1C6B775700961B16 /* Project object */ = {
			isa = PBXProject;
			attributes = {
				LastUpgradeCheck = 0710;
				ORGANIZATIONNAME = Johan;
				TargetAttributes = {
					1F1055F51C6B775700961B16 = {
						CreatedOnToolsVersion = 7.1;
					};
				};
			};
			buildConfigurationList = 1F1055F11C6B775700961B16 /* Build configuration list for PBXProject "tinder" */;
			compatibilityVersion = "Xcode 3.2";
			developmentRegion = English;
			hasScannedForEncodings = 0;
			knownRegions = (
				en,
				Base,
			);
			mainGroup = 1F1055ED1C6B775700961B16;
			productRefGroup = 1F1055F71C6B775700961B16 /* Products */;
			projectDirPath = "";
			projectRoot = "";
			targets = (
				1F1055F51C6B775700961B16 /* tinder */,
			);
		};
/* End PBXProject section */

/* Begin PBXResourcesBuildPhase section */
		1F1055F41C6B775700961B16 /* Resources */ = {
			isa = PBXResourcesBuildPhase;
			buildActionMask = 2147483647;
			files = (
				1F8C91C01C773B9B00DD06E7 /* dp_holder_large.png in Resources */,
				1F1056091C6B775700961B16 /* LaunchScreen.storyboard in Resources */,
				1F8C91C11C773B9B00DD06E7 /* dp_holder_large@2x.png in Resources */,
				1F8C91C21C773B9B00DD06E7 /* profile_pic.jpg in Resources */,
				1F64339E1C6E3F29009D4D13 /* PTSerif.ttc in Resources */,
				1F1056061C6B775700961B16 /* Assets.xcassets in Resources */,
				1F6433A71C6F0278009D4D13 /* Main.storyboard in Resources */,
			);
			runOnlyForDeploymentPostprocessing = 0;
		};
/* End PBXResourcesBuildPhase section */

/* Begin PBXShellScriptBuildPhase section */
		4090D5F4F401E317A124FE83 /* Check Pods Manifest.lock */ = {
			isa = PBXShellScriptBuildPhase;
			buildActionMask = 2147483647;
			files = (
			);
			inputPaths = (
			);
			name = "Check Pods Manifest.lock";
			outputPaths = (
			);
			runOnlyForDeploymentPostprocessing = 0;
			shellPath = /bin/sh;
			shellScript = "diff \"${PODS_ROOT}/../Podfile.lock\" \"${PODS_ROOT}/Manifest.lock\" > /dev/null\nif [[ $? != 0 ]] ; then\n    cat << EOM\nerror: The sandbox is not in sync with the Podfile.lock. Run 'pod install' or update your CocoaPods installation.\nEOM\n    exit 1\nfi\n";
			showEnvVarsInLog = 0;
		};
		423DC718519F2B2C55338624 /* Embed Pods Frameworks */ = {
			isa = PBXShellScriptBuildPhase;
			buildActionMask = 2147483647;
			files = (
			);
			inputPaths = (
			);
			name = "Embed Pods Frameworks";
			outputPaths = (
			);
			runOnlyForDeploymentPostprocessing = 0;
			shellPath = /bin/sh;
			shellScript = "\"${SRCROOT}/Pods/Target Support Files/Pods/Pods-frameworks.sh\"\n";
			showEnvVarsInLog = 0;
		};
		C3B933885A394CAAA7769CAD /* Copy Pods Resources */ = {
			isa = PBXShellScriptBuildPhase;
			buildActionMask = 2147483647;
			files = (
			);
			inputPaths = (
			);
			name = "Copy Pods Resources";
			outputPaths = (
			);
			runOnlyForDeploymentPostprocessing = 0;
			shellPath = /bin/sh;
			shellScript = "\"${SRCROOT}/Pods/Target Support Files/Pods/Pods-resources.sh\"\n";
			showEnvVarsInLog = 0;
		};
/* End PBXShellScriptBuildPhase section */

/* Begin PBXSourcesBuildPhase section */
		1F1055F21C6B775700961B16 /* Sources */ = {
			isa = PBXSourcesBuildPhase;
			buildActionMask = 2147483647;
			files = (
				1F8C91B41C772FD500DD06E7 /* RoundedImageView.m in Sources */,
				1FF39CCD1C6E06EE00268455 /* OnboardingView.m in Sources */,
				1F8C91BA1C7730C800DD06E7 /* UIColor+SLAddition.m in Sources */,
				1F6433A41C6EFEA9009D4D13 /* MainViewController.m in Sources */,
				1F1055FE1C6B775700961B16 /* AppDelegate.m in Sources */,
				1FF39CCE1C6E06EE00268455 /* OnboardingViewController.m in Sources */,
				1F6433991C6E23C9009D4D13 /* UIView+Extensions.m in Sources */,
				1F1055FB1C6B775700961B16 /* main.m in Sources */,
				1F8C91BB1C7730C800DD06E7 /* UIScrollView+UpdateContentSize.m in Sources */,
			);
			runOnlyForDeploymentPostprocessing = 0;
		};
/* End PBXSourcesBuildPhase section */

/* Begin PBXVariantGroup section */
		1F1056071C6B775700961B16 /* LaunchScreen.storyboard */ = {
			isa = PBXVariantGroup;
			children = (
				1F1056081C6B775700961B16 /* Base */,
			);
			name = LaunchScreen.storyboard;
			sourceTree = "<group>";
		};
		1F6433A51C6F0278009D4D13 /* Main.storyboard */ = {
			isa = PBXVariantGroup;
			children = (
				1F6433A61C6F0278009D4D13 /* Base */,
			);
			name = Main.storyboard;
			sourceTree = "<group>";
		};
/* End PBXVariantGroup section */

/* Begin XCBuildConfiguration section */
		1F10560B1C6B775700961B16 /* Debug */ = {
			isa = XCBuildConfiguration;
			buildSettings = {
				ALWAYS_SEARCH_USER_PATHS = NO;
				CLANG_CXX_LANGUAGE_STANDARD = "gnu++0x";
				CLANG_CXX_LIBRARY = "libc++";
				CLANG_ENABLE_MODULES = YES;
				CLANG_ENABLE_OBJC_ARC = YES;
				CLANG_WARN_BOOL_CONVERSION = YES;
				CLANG_WARN_CONSTANT_CONVERSION = YES;
				CLANG_WARN_DIRECT_OBJC_ISA_USAGE = YES_ERROR;
				CLANG_WARN_EMPTY_BODY = YES;
				CLANG_WARN_ENUM_CONVERSION = YES;
				CLANG_WARN_INT_CONVERSION = YES;
				CLANG_WARN_OBJC_ROOT_CLASS = YES_ERROR;
				CLANG_WARN_UNREACHABLE_CODE = YES;
				CLANG_WARN__DUPLICATE_METHOD_MATCH = YES;
				"CODE_SIGN_IDENTITY[sdk=iphoneos*]" = "iPhone Developer";
				COPY_PHASE_STRIP = NO;
				DEBUG_INFORMATION_FORMAT = dwarf;
				ENABLE_STRICT_OBJC_MSGSEND = YES;
				ENABLE_TESTABILITY = YES;
				GCC_C_LANGUAGE_STANDARD = gnu99;
				GCC_DYNAMIC_NO_PIC = NO;
				GCC_NO_COMMON_BLOCKS = YES;
				GCC_OPTIMIZATION_LEVEL = 0;
				GCC_PREPROCESSOR_DEFINITIONS = (
					"DEBUG=1",
					"$(inherited)",
				);
				GCC_WARN_64_TO_32_BIT_CONVERSION = YES;
				GCC_WARN_ABOUT_RETURN_TYPE = YES_ERROR;
				GCC_WARN_UNDECLARED_SELECTOR = YES;
				GCC_WARN_UNINITIALIZED_AUTOS = YES_AGGRESSIVE;
				GCC_WARN_UNUSED_FUNCTION = YES;
				GCC_WARN_UNUSED_VARIABLE = YES;
				IPHONEOS_DEPLOYMENT_TARGET = 9.1;
				MTL_ENABLE_DEBUG_INFO = YES;
				ONLY_ACTIVE_ARCH = YES;
				SDKROOT = iphoneos;
			};
			name = Debug;
		};
		1F10560C1C6B775700961B16 /* Release */ = {
			isa = XCBuildConfiguration;
			buildSettings = {
				ALWAYS_SEARCH_USER_PATHS = NO;
				CLANG_CXX_LANGUAGE_STANDARD = "gnu++0x";
				CLANG_CXX_LIBRARY = "libc++";
				CLANG_ENABLE_MODULES = YES;
				CLANG_ENABLE_OBJC_ARC = YES;
				CLANG_WARN_BOOL_CONVERSION = YES;
				CLANG_WARN_CONSTANT_CONVERSION = YES;
				CLANG_WARN_DIRECT_OBJC_ISA_USAGE = YES_ERROR;
				CLANG_WARN_EMPTY_BODY = YES;
				CLANG_WARN_ENUM_CONVERSION = YES;
				CLANG_WARN_INT_CONVERSION = YES;
				CLANG_WARN_OBJC_ROOT_CLASS = YES_ERROR;
				CLANG_WARN_UNREACHABLE_CODE = YES;
				CLANG_WARN__DUPLICATE_METHOD_MATCH = YES;
				"CODE_SIGN_IDENTITY[sdk=iphoneos*]" = "iPhone Developer";
				COPY_PHASE_STRIP = NO;
				DEBUG_INFORMATION_FORMAT = "dwarf-with-dsym";
				ENABLE_NS_ASSERTIONS = NO;
				ENABLE_STRICT_OBJC_MSGSEND = YES;
				GCC_C_LANGUAGE_STANDARD = gnu99;
				GCC_NO_COMMON_BLOCKS = YES;
				GCC_WARN_64_TO_32_BIT_CONVERSION = YES;
				GCC_WARN_ABOUT_RETURN_TYPE = YES_ERROR;
				GCC_WARN_UNDECLARED_SELECTOR = YES;
				GCC_WARN_UNINITIALIZED_AUTOS = YES_AGGRESSIVE;
				GCC_WARN_UNUSED_FUNCTION = YES;
				GCC_WARN_UNUSED_VARIABLE = YES;
				IPHONEOS_DEPLOYMENT_TARGET = 9.1;
				MTL_ENABLE_DEBUG_INFO = NO;
				SDKROOT = iphoneos;
				VALIDATE_PRODUCT = YES;
			};
			name = Release;
		};
		1F10560E1C6B775700961B16 /* Debug */ = {
			isa = XCBuildConfiguration;
			baseConfigurationReference = C34991B91D1C3D1E5E29653F /* Pods.debug.xcconfig */;
			buildSettings = {
				ASSETCATALOG_COMPILER_APPICON_NAME = AppIcon;
				INFOPLIST_FILE = tinder/Info.plist;
				LD_RUNPATH_SEARCH_PATHS = "$(inherited) @executable_path/Frameworks";
				PRODUCT_BUNDLE_IDENTIFIER = com.jacky.tinder;
				PRODUCT_NAME = "$(TARGET_NAME)";
			};
			name = Debug;
		};
		1F10560F1C6B775700961B16 /* Release */ = {
			isa = XCBuildConfiguration;
			baseConfigurationReference = 7A4EEBCC25397F68372B110D /* Pods.release.xcconfig */;
			buildSettings = {
				ASSETCATALOG_COMPILER_APPICON_NAME = AppIcon;
				INFOPLIST_FILE = tinder/Info.plist;
				LD_RUNPATH_SEARCH_PATHS = "$(inherited) @executable_path/Frameworks";
				PRODUCT_BUNDLE_IDENTIFIER = com.jacky.tinder;
				PRODUCT_NAME = "$(TARGET_NAME)";
			};
			name = Release;
		};
/* End XCBuildConfiguration section */

/* Begin XCConfigurationList section */
		1F1055F11C6B775700961B16 /* Build configuration list for PBXProject "tinder" */ = {
			isa = XCConfigurationList;
			buildConfigurations = (
				1F10560B1C6B775700961B16 /* Debug */,
				1F10560C1C6B775700961B16 /* Release */,
			);
			defaultConfigurationIsVisible = 0;
			defaultConfigurationName = Release;
		};
		1F10560D1C6B775700961B16 /* Build configuration list for PBXNativeTarget "tinder" */ = {
			isa = XCConfigurationList;
			buildConfigurations = (
				1F10560E1C6B775700961B16 /* Debug */,
				1F10560F1C6B775700961B16 /* Release */,
			);
			defaultConfigurationIsVisible = 0;
			defaultConfigurationName = Release;
		};
/* End XCConfigurationList section */
	};
	rootObject = 1F1055EE1C6B775700961B16 /* Project object */;
}
